
Microsoft Visual Studio Solution File, Format Version 12.00
# Visual Studio Version 17
VisualStudioVersion = 17.6.33723.286
MinimumVisualStudioVersion = 10.0.40219.1
Project("{FAE04EC0-301F-11D3-BF4B-00C04F79EFBC}") = "QuanLiSinhVienFpoly", "QuanLiSinhVienFpoly.csproj", "{71CCF3F8-EFAE-4F99-B37A-326D4CDC5102}"
EndProject
Global
	GlobalSection(SolutionConfigurationPlatforms) = preSolution
		Debug|Any CPU = Debug|Any CPU
		Release|Any CPU = Release|Any CPU
	EndGlobalSection
	GlobalSection(ProjectConfigurationPlatforms) = postSolution
		{71CCF3F8-EFAE-4F99-B37A-326D4CDC5102}.Debug|Any CPU.ActiveCfg = Debug|Any CPU
		{71CCF3F8-EFAE-4F99-B37A-326D4CDC5102}.Debug|Any CPU.Build.0 = Debug|Any CPU
		{71CCF3F8-EFAE-4F99-B37A-326D4CDC5102}.Release|Any CPU.ActiveCfg = Release|Any CPU
		{71CCF3F8-EFAE-4F99-B37A-326D4CDC5102}.Release|Any CPU.Build.0 = Release|Any CPU
	EndGlobalSection
	GlobalSection(SolutionProperties) = preSolution
		HideSolutionNode = FALSE
	EndGlobalSection
	GlobalSection(ExtensibilityGlobals) = postSolution
		SolutionGuid = {B63AD730-C9E2-412A-8931-E0F1113ED613}
	EndGlobalSection
EndGlobal
